// !$*UTF8*$!
{
	archiveVersion = 1;
	classes = {
	};
	objectVersion = 56;
	objects = {

/* Begin PBXBuildFile section */
		2C94B2CA2B4488EB007302B1 /* CharacterGridCell.swift in Sources */ = {isa = PBXBuildFile; fileRef = 2C94B2C82B4488EB007302B1 /* CharacterGridCell.swift */; };
		2C94B2CB2B4488EB007302B1 /* CharacterGridCell.xib in Resources */ = {isa = PBXBuildFile; fileRef = 2C94B2C92B4488EB007302B1 /* CharacterGridCell.xib */; };
		2C94B2CF2B448A3D007302B1 /* MainViewController.swift in Sources */ = {isa = PBXBuildFile; fileRef = 2C94B2CE2B448A3D007302B1 /* MainViewController.swift */; };
		2CB796462B448D9600327CED /* CharacterListCell.swift in Sources */ = {isa = PBXBuildFile; fileRef = 2CB796442B448D9600327CED /* CharacterListCell.swift */; };
		2CB796472B448D9600327CED /* CharacterListCell.xib in Resources */ = {isa = PBXBuildFile; fileRef = 2CB796452B448D9600327CED /* CharacterListCell.xib */; };
		2CB7964B2B44925900327CED /* NetworkHelper.swift in Sources */ = {isa = PBXBuildFile; fileRef = 2CB7964A2B44925900327CED /* NetworkHelper.swift */; };
		2CB7964E2B44A34A00327CED /* Models.swift in Sources */ = {isa = PBXBuildFile; fileRef = 2CB7964D2B44A34A00327CED /* Models.swift */; };
		3C24E7672A76AF4300C9E055 /* AppDelegate.swift in Sources */ = {isa = PBXBuildFile; fileRef = 3C24E7662A76AF4300C9E055 /* AppDelegate.swift */; };
		3C24E7692A76AF4300C9E055 /* SceneDelegate.swift in Sources */ = {isa = PBXBuildFile; fileRef = 3C24E7682A76AF4300C9E055 /* SceneDelegate.swift */; };
		3C24E76E2A76AF4300C9E055 /* Main.storyboard in Resources */ = {isa = PBXBuildFile; fileRef = 3C24E76C2A76AF4300C9E055 /* Main.storyboard */; };
		3C24E7702A76AF4400C9E055 /* Assets.xcassets in Resources */ = {isa = PBXBuildFile; fileRef = 3C24E76F2A76AF4400C9E055 /* Assets.xcassets */; };
		3C24E7732A76AF4400C9E055 /* LaunchScreen.storyboard in Resources */ = {isa = PBXBuildFile; fileRef = 3C24E7712A76AF4400C9E055 /* LaunchScreen.storyboard */; };
		3C6DAFAB2B30CBA600A888C8 /* DetailViewController.swift in Sources */ = {isa = PBXBuildFile; fileRef = 3C6DAFAA2B30CBA600A888C8 /* DetailViewController.swift */; };
		3C6DAFAF2B3B3DFF00A888C8 /* ViewController.swift in Sources */ = {isa = PBXBuildFile; fileRef = 3C6DAFAE2B3B3DFF00A888C8 /* ViewController.swift */; };
		3CB1AB2D2B19039200E5E3A9 /* CharacterCell.swift in Sources */ = {isa = PBXBuildFile; fileRef = 3CB1AB2C2B19039200E5E3A9 /* CharacterCell.swift */; };
		E8DB148D2B4F063500FC3E41 /* UIImageView + Ex.swift in Sources */ = {isa = PBXBuildFile; fileRef = E8DB148C2B4F063500FC3E41 /* UIImageView + Ex.swift */; };
		F48C06A62B455D07001DEA79 /* APIServices.swift in Sources */ = {isa = PBXBuildFile; fileRef = F48C06A52B455D07001DEA79 /* APIServices.swift */; };
/* End PBXBuildFile section */

/* Begin PBXFileReference section */
		2C94B2C82B4488EB007302B1 /* CharacterGridCell.swift */ = {isa = PBXFileReference; lastKnownFileType = sourcecode.swift; path = CharacterGridCell.swift; sourceTree = "<group>"; };
		2C94B2C92B4488EB007302B1 /* CharacterGridCell.xib */ = {isa = PBXFileReference; lastKnownFileType = file.xib; path = CharacterGridCell.xib; sourceTree = "<group>"; };
		2C94B2CE2B448A3D007302B1 /* MainViewController.swift */ = {isa = PBXFileReference; lastKnownFileType = sourcecode.swift; path = MainViewController.swift; sourceTree = "<group>"; };
		2CB796442B448D9600327CED /* CharacterListCell.swift */ = {isa = PBXFileReference; lastKnownFileType = sourcecode.swift; path = CharacterListCell.swift; sourceTree = "<group>"; };
		2CB796452B448D9600327CED /* CharacterListCell.xib */ = {isa = PBXFileReference; lastKnownFileType = file.xib; path = CharacterListCell.xib; sourceTree = "<group>"; };
		2CB7964A2B44925900327CED /* NetworkHelper.swift */ = {isa = PBXFileReference; lastKnownFileType = sourcecode.swift; path = NetworkHelper.swift; sourceTree = "<group>"; };
		2CB7964D2B44A34A00327CED /* Models.swift */ = {isa = PBXFileReference; lastKnownFileType = sourcecode.swift; path = Models.swift; sourceTree = "<group>"; };
		3C24E7632A76AF4300C9E055 /* marvelTest.app */ = {isa = PBXFileReference; explicitFileType = wrapper.application; includeInIndex = 0; path = marvelTest.app; sourceTree = BUILT_PRODUCTS_DIR; };
		3C24E7662A76AF4300C9E055 /* AppDelegate.swift */ = {isa = PBXFileReference; lastKnownFileType = sourcecode.swift; path = AppDelegate.swift; sourceTree = "<group>"; };
		3C24E7682A76AF4300C9E055 /* SceneDelegate.swift */ = {isa = PBXFileReference; lastKnownFileType = sourcecode.swift; path = SceneDelegate.swift; sourceTree = "<group>"; };
		3C24E76D2A76AF4300C9E055 /* Base */ = {isa = PBXFileReference; lastKnownFileType = file.storyboard; name = Base; path = Base.lproj/Main.storyboard; sourceTree = "<group>"; };
		3C24E76F2A76AF4400C9E055 /* Assets.xcassets */ = {isa = PBXFileReference; lastKnownFileType = folder.assetcatalog; path = Assets.xcassets; sourceTree = "<group>"; };
		3C24E7722A76AF4400C9E055 /* Base */ = {isa = PBXFileReference; lastKnownFileType = file.storyboard; name = Base; path = Base.lproj/LaunchScreen.storyboard; sourceTree = "<group>"; };
		3C24E7742A76AF4400C9E055 /* Info.plist */ = {isa = PBXFileReference; lastKnownFileType = text.plist.xml; path = Info.plist; sourceTree = "<group>"; };
		3C6DAFAA2B30CBA600A888C8 /* DetailViewController.swift */ = {isa = PBXFileReference; lastKnownFileType = sourcecode.swift; path = DetailViewController.swift; sourceTree = "<group>"; };
		3C6DAFAE2B3B3DFF00A888C8 /* ViewController.swift */ = {isa = PBXFileReference; lastKnownFileType = sourcecode.swift; path = ViewController.swift; sourceTree = "<group>"; };
		3CB1AB2C2B19039200E5E3A9 /* CharacterCell.swift */ = {isa = PBXFileReference; fileEncoding = 4; lastKnownFileType = sourcecode.swift; path = CharacterCell.swift; sourceTree = "<group>"; };
		E8DB148C2B4F063500FC3E41 /* UIImageView + Ex.swift */ = {isa = PBXFileReference; lastKnownFileType = sourcecode.swift; path = "UIImageView + Ex.swift"; sourceTree = "<group>"; };
		F48C06A52B455D07001DEA79 /* APIServices.swift */ = {isa = PBXFileReference; lastKnownFileType = sourcecode.swift; path = APIServices.swift; sourceTree = "<group>"; };
/* End PBXFileReference section */

/* Begin PBXFrameworksBuildPhase section */
		3C24E7602A76AF4300C9E055 /* Frameworks */ = {
			isa = PBXFrameworksBuildPhase;
			buildActionMask = 2147483647;
			files = (
			);
			runOnlyForDeploymentPostprocessing = 0;
		};
/* End PBXFrameworksBuildPhase section */

/* Begin PBXGroup section */
		2C94B2C62B4488C2007302B1 /* CharacterGridCell */ = {
			isa = PBXGroup;
			children = (
				2C94B2C82B4488EB007302B1 /* CharacterGridCell.swift */,
				2C94B2C92B4488EB007302B1 /* CharacterGridCell.xib */,
			);
			path = CharacterGridCell;
			sourceTree = "<group>";
		};
		2C94B2C72B4488CF007302B1 /* CharacterListCell */ = {
			isa = PBXGroup;
			children = (
				2CB796442B448D9600327CED /* CharacterListCell.swift */,
				2CB796452B448D9600327CED /* CharacterListCell.xib */,
			);
			path = CharacterListCell;
			sourceTree = "<group>";
		};
		2C94B2CC2B448A12007302B1 /* Cells */ = {
			isa = PBXGroup;
			children = (
				2C94B2C62B4488C2007302B1 /* CharacterGridCell */,
				2C94B2C72B4488CF007302B1 /* CharacterListCell */,
			);
			path = Cells;
			sourceTree = "<group>";
		};
		2C94B2CD2B448A17007302B1 /* ViewControllers */ = {
			isa = PBXGroup;
			children = (
				3C6DAFAA2B30CBA600A888C8 /* DetailViewController.swift */,
				3C6DAFAE2B3B3DFF00A888C8 /* ViewController.swift */,
				2C94B2CE2B448A3D007302B1 /* MainViewController.swift */,
			);
			path = ViewControllers;
			sourceTree = "<group>";
		};
		2CB796482B44923E00327CED /* Source */ = {
			isa = PBXGroup;
			children = (
				2CB796492B44924800327CED /* Helpers */,
				F48C06A52B455D07001DEA79 /* APIServices.swift */,
			);
			path = Source;
			sourceTree = "<group>";
		};
		2CB796492B44924800327CED /* Helpers */ = {
			isa = PBXGroup;
			children = (
				2CB7964A2B44925900327CED /* NetworkHelper.swift */,
			);
			path = Helpers;
			sourceTree = "<group>";
		};
		2CB7964C2B44A33800327CED /* Models */ = {
			isa = PBXGroup;
			children = (
				2CB7964D2B44A34A00327CED /* Models.swift */,
			);
			path = Models;
			sourceTree = "<group>";
		};
		3C24E75A2A76AF4300C9E055 = {
			isa = PBXGroup;
			children = (
				3C24E7652A76AF4300C9E055 /* marvelTest */,
				3C24E7642A76AF4300C9E055 /* Products */,
			);
			sourceTree = "<group>";
		};
		3C24E7642A76AF4300C9E055 /* Products */ = {
			isa = PBXGroup;
			children = (
				3C24E7632A76AF4300C9E055 /* marvelTest.app */,
			);
			name = Products;
			sourceTree = "<group>";
		};
		3C24E7652A76AF4300C9E055 /* marvelTest */ = {
			isa = PBXGroup;
			children = (
				E8DB148B2B4F062500FC3E41 /* Utils */,
				2CB7964C2B44A33800327CED /* Models */,
				2CB796482B44923E00327CED /* Source */,
				2C94B2CD2B448A17007302B1 /* ViewControllers */,
				2C94B2CC2B448A12007302B1 /* Cells */,
				3C24E7662A76AF4300C9E055 /* AppDelegate.swift */,
				3C24E7682A76AF4300C9E055 /* SceneDelegate.swift */,
				3CB1AB2C2B19039200E5E3A9 /* CharacterCell.swift */,
				3C24E76C2A76AF4300C9E055 /* Main.storyboard */,
				3C24E76F2A76AF4400C9E055 /* Assets.xcassets */,
				3C24E7712A76AF4400C9E055 /* LaunchScreen.storyboard */,
				3C24E7742A76AF4400C9E055 /* Info.plist */,
			);
			path = marvelTest;
			sourceTree = "<group>";
		};
		E8DB148B2B4F062500FC3E41 /* Utils */ = {
			isa = PBXGroup;
			children = (
				E8DB148C2B4F063500FC3E41 /* UIImageView + Ex.swift */,
			);
			path = Utils;
			sourceTree = "<group>";
		};
/* End PBXGroup section */

/* Begin PBXNativeTarget section */
		3C24E7622A76AF4300C9E055 /* marvelTest */ = {
			isa = PBXNativeTarget;
			buildConfigurationList = 3C24E7772A76AF4400C9E055 /* Build configuration list for PBXNativeTarget "marvelTest" */;
			buildPhases = (
				3C24E75F2A76AF4300C9E055 /* Sources */,
				3C24E7602A76AF4300C9E055 /* Frameworks */,
				3C24E7612A76AF4300C9E055 /* Resources */,
			);
			buildRules = (
			);
			dependencies = (
			);
			name = marvelTest;
			productName = marvelTest;
			productReference = 3C24E7632A76AF4300C9E055 /* marvelTest.app */;
			productType = "com.apple.product-type.application";
		};
/* End PBXNativeTarget section */

/* Begin PBXProject section */
		3C24E75B2A76AF4300C9E055 /* Project object */ = {
			isa = PBXProject;
			attributes = {
				BuildIndependentTargetsInParallel = 1;
				LastSwiftUpdateCheck = 1430;
				LastUpgradeCheck = 1430;
				TargetAttributes = {
					3C24E7622A76AF4300C9E055 = {
						CreatedOnToolsVersion = 14.3.1;
					};
				};
			};
			buildConfigurationList = 3C24E75E2A76AF4300C9E055 /* Build configuration list for PBXProject "marvelTest" */;
			compatibilityVersion = "Xcode 14.0";
			developmentRegion = en;
			hasScannedForEncodings = 0;
			knownRegions = (
				en,
				Base,
			);
			mainGroup = 3C24E75A2A76AF4300C9E055;
			productRefGroup = 3C24E7642A76AF4300C9E055 /* Products */;
			projectDirPath = "";
			projectRoot = "";
			targets = (
				3C24E7622A76AF4300C9E055 /* marvelTest */,
			);
		};
/* End PBXProject section */

/* Begin PBXResourcesBuildPhase section */
		3C24E7612A76AF4300C9E055 /* Resources */ = {
			isa = PBXResourcesBuildPhase;
			buildActionMask = 2147483647;
			files = (
				2CB796472B448D9600327CED /* CharacterListCell.xib in Resources */,
				3C24E7732A76AF4400C9E055 /* LaunchScreen.storyboard in Resources */,
				2C94B2CB2B4488EB007302B1 /* CharacterGridCell.xib in Resources */,
				3C24E7702A76AF4400C9E055 /* Assets.xcassets in Resources */,
				3C24E76E2A76AF4300C9E055 /* Main.storyboard in Resources */,
			);
			runOnlyForDeploymentPostprocessing = 0;
		};
/* End PBXResourcesBuildPhase section */

/* Begin PBXSourcesBuildPhase section */
		3C24E75F2A76AF4300C9E055 /* Sources */ = {
			isa = PBXSourcesBuildPhase;
			buildActionMask = 2147483647;
			files = (
				2CB7964E2B44A34A00327CED /* Models.swift in Sources */,
				2CB796462B448D9600327CED /* CharacterListCell.swift in Sources */,
				F48C06A62B455D07001DEA79 /* APIServices.swift in Sources */,
				3C6DAFAF2B3B3DFF00A888C8 /* ViewController.swift in Sources */,
				2CB7964B2B44925900327CED /* NetworkHelper.swift in Sources */,
				E8DB148D2B4F063500FC3E41 /* UIImageView + Ex.swift in Sources */,
				3CB1AB2D2B19039200E5E3A9 /* CharacterCell.swift in Sources */,
				3C6DAFAB2B30CBA600A888C8 /* DetailViewController.swift in Sources */,
				2C94B2CA2B4488EB007302B1 /* CharacterGridCell.swift in Sources */,
				3C24E7672A76AF4300C9E055 /* AppDelegate.swift in Sources */,
				3C24E7692A76AF4300C9E055 /* SceneDelegate.swift in Sources */,
				2C94B2CF2B448A3D007302B1 /* MainViewController.swift in Sources */,
			);
			runOnlyForDeploymentPostprocessing = 0;
		};
/* End PBXSourcesBuildPhase section */

/* Begin PBXVariantGroup section */
		3C24E76C2A76AF4300C9E055 /* Main.storyboard */ = {
			isa = PBXVariantGroup;
			children = (
				3C24E76D2A76AF4300C9E055 /* Base */,
			);
			name = Main.storyboard;
			sourceTree = "<group>";
		};
		3C24E7712A76AF4400C9E055 /* LaunchScreen.storyboard */ = {
			isa = PBXVariantGroup;
			children = (
				3C24E7722A76AF4400C9E055 /* Base */,
			);
			name = LaunchScreen.storyboard;
			sourceTree = "<group>";
		};
/* End PBXVariantGroup section */

/* Begin XCBuildConfiguration section */
		3C24E7752A76AF4400C9E055 /* Debug */ = {
			isa = XCBuildConfiguration;
			buildSettings = {
				ALWAYS_SEARCH_USER_PATHS = NO;
				CLANG_ANALYZER_NONNULL = YES;
				CLANG_ANALYZER_NUMBER_OBJECT_CONVERSION = YES_AGGRESSIVE;
				CLANG_CXX_LANGUAGE_STANDARD = "gnu++20";
				CLANG_ENABLE_MODULES = YES;
				CLANG_ENABLE_OBJC_ARC = YES;
				CLANG_ENABLE_OBJC_WEAK = YES;
				CLANG_WARN_BLOCK_CAPTURE_AUTORELEASING = YES;
				CLANG_WARN_BOOL_CONVERSION = YES;
				CLANG_WARN_COMMA = YES;
				CLANG_WARN_CONSTANT_CONVERSION = YES;
				CLANG_WARN_DEPRECATED_OBJC_IMPLEMENTATIONS = YES;
				CLANG_WARN_DIRECT_OBJC_ISA_USAGE = YES_ERROR;
				CLANG_WARN_DOCUMENTATION_COMMENTS = YES;
				CLANG_WARN_EMPTY_BODY = YES;
				CLANG_WARN_ENUM_CONVERSION = YES;
				CLANG_WARN_INFINITE_RECURSION = YES;
				CLANG_WARN_INT_CONVERSION = YES;
				CLANG_WARN_NON_LITERAL_NULL_CONVERSION = YES;
				CLANG_WARN_OBJC_IMPLICIT_RETAIN_SELF = YES;
				CLANG_WARN_OBJC_LITERAL_CONVERSION = YES;
				CLANG_WARN_OBJC_ROOT_CLASS = YES_ERROR;
				CLANG_WARN_QUOTED_INCLUDE_IN_FRAMEWORK_HEADER = YES;
				CLANG_WARN_RANGE_LOOP_ANALYSIS = YES;
				CLANG_WARN_STRICT_PROTOTYPES = YES;
				CLANG_WARN_SUSPICIOUS_MOVE = YES;
				CLANG_WARN_UNGUARDED_AVAILABILITY = YES_AGGRESSIVE;
				CLANG_WARN_UNREACHABLE_CODE = YES;
				CLANG_WARN__DUPLICATE_METHOD_MATCH = YES;
				COPY_PHASE_STRIP = NO;
				DEBUG_INFORMATION_FORMAT = dwarf;
				ENABLE_STRICT_OBJC_MSGSEND = YES;
				ENABLE_TESTABILITY = YES;
				GCC_C_LANGUAGE_STANDARD = gnu11;
				GCC_DYNAMIC_NO_PIC = NO;
				GCC_NO_COMMON_BLOCKS = YES;
				GCC_OPTIMIZATION_LEVEL = 0;
				GCC_PREPROCESSOR_DEFINITIONS = (
					"DEBUG=1",
					"$(inherited)",
				);
				GCC_WARN_64_TO_32_BIT_CONVERSION = YES;
				GCC_WARN_ABOUT_RETURN_TYPE = YES_ERROR;
				GCC_WARN_UNDECLARED_SELECTOR = YES;
				GCC_WARN_UNINITIALIZED_AUTOS = YES_AGGRESSIVE;
				GCC_WARN_UNUSED_FUNCTION = YES;
				GCC_WARN_UNUSED_VARIABLE = YES;
				IPHONEOS_DEPLOYMENT_TARGET = 16.4;
				MTL_ENABLE_DEBUG_INFO = INCLUDE_SOURCE;
				MTL_FAST_MATH = YES;
				ONLY_ACTIVE_ARCH = YES;
				SDKROOT = iphoneos;
				SWIFT_ACTIVE_COMPILATION_CONDITIONS = DEBUG;
				SWIFT_OPTIMIZATION_LEVEL = "-Onone";
			};
			name = Debug;
		};
		3C24E7762A76AF4400C9E055 /* Release */ = {
			isa = XCBuildConfiguration;
			buildSettings = {
				ALWAYS_SEARCH_USER_PATHS = NO;
				CLANG_ANALYZER_NONNULL = YES;
				CLANG_ANALYZER_NUMBER_OBJECT_CONVERSION = YES_AGGRESSIVE;
				CLANG_CXX_LANGUAGE_STANDARD = "gnu++20";
				CLANG_ENABLE_MODULES = YES;
				CLANG_ENABLE_OBJC_ARC = YES;
				CLANG_ENABLE_OBJC_WEAK = YES;
				CLANG_WARN_BLOCK_CAPTURE_AUTORELEASING = YES;
				CLANG_WARN_BOOL_CONVERSION = YES;
				CLANG_WARN_COMMA = YES;
				CLANG_WARN_CONSTANT_CONVERSION = YES;
				CLANG_WARN_DEPRECATED_OBJC_IMPLEMENTATIONS = YES;
				CLANG_WARN_DIRECT_OBJC_ISA_USAGE = YES_ERROR;
				CLANG_WARN_DOCUMENTATION_COMMENTS = YES;
				CLANG_WARN_EMPTY_BODY = YES;
				CLANG_WARN_ENUM_CONVERSION = YES;
				CLANG_WARN_INFINITE_RECURSION = YES;
				CLANG_WARN_INT_CONVERSION = YES;
				CLANG_WARN_NON_LITERAL_NULL_CONVERSION = YES;
				CLANG_WARN_OBJC_IMPLICIT_RETAIN_SELF = YES;
				CLANG_WARN_OBJC_LITERAL_CONVERSION = YES;
				CLANG_WARN_OBJC_ROOT_CLASS = YES_ERROR;
				CLANG_WARN_QUOTED_INCLUDE_IN_FRAMEWORK_HEADER = YES;
				CLANG_WARN_RANGE_LOOP_ANALYSIS = YES;
				CLANG_WARN_STRICT_PROTOTYPES = YES;
				CLANG_WARN_SUSPICIOUS_MOVE = YES;
				CLANG_WARN_UNGUARDED_AVAILABILITY = YES_AGGRESSIVE;
				CLANG_WARN_UNREACHABLE_CODE = YES;
				CLANG_WARN__DUPLICATE_METHOD_MATCH = YES;
				COPY_PHASE_STRIP = NO;
				DEBUG_INFORMATION_FORMAT = "dwarf-with-dsym";
				ENABLE_NS_ASSERTIONS = NO;
				ENABLE_STRICT_OBJC_MSGSEND = YES;
				GCC_C_LANGUAGE_STANDARD = gnu11;
				GCC_NO_COMMON_BLOCKS = YES;
				GCC_WARN_64_TO_32_BIT_CONVERSION = YES;
				GCC_WARN_ABOUT_RETURN_TYPE = YES_ERROR;
				GCC_WARN_UNDECLARED_SELECTOR = YES;
				GCC_WARN_UNINITIALIZED_AUTOS = YES_AGGRESSIVE;
				GCC_WARN_UNUSED_FUNCTION = YES;
				GCC_WARN_UNUSED_VARIABLE = YES;
				IPHONEOS_DEPLOYMENT_TARGET = 16.4;
				MTL_ENABLE_DEBUG_INFO = NO;
				MTL_FAST_MATH = YES;
				SDKROOT = iphoneos;
				SWIFT_COMPILATION_MODE = wholemodule;
				SWIFT_OPTIMIZATION_LEVEL = "-O";
				VALIDATE_PRODUCT = YES;
			};
			name = Release;
		};
		3C24E7782A76AF4400C9E055 /* Debug */ = {
			isa = XCBuildConfiguration;
			buildSettings = {
				ASSETCATALOG_COMPILER_APPICON_NAME = AppIcon;
				ASSETCATALOG_COMPILER_GLOBAL_ACCENT_COLOR_NAME = AccentColor;
				CODE_SIGN_STYLE = Automatic;
				CURRENT_PROJECT_VERSION = 1;
				DEVELOPMENT_TEAM = GZZP766Y22;
				GENERATE_INFOPLIST_FILE = YES;
				INFOPLIST_FILE = marvelTest/Info.plist;
				INFOPLIST_KEY_UIApplicationSupportsIndirectInputEvents = YES;
				INFOPLIST_KEY_UILaunchStoryboardName = LaunchScreen;
				INFOPLIST_KEY_UIMainStoryboardFile = Main;
				INFOPLIST_KEY_UISupportedInterfaceOrientations_iPad = "UIInterfaceOrientationPortrait UIInterfaceOrientationPortraitUpsideDown UIInterfaceOrientationLandscapeLeft UIInterfaceOrientationLandscapeRight";
				INFOPLIST_KEY_UISupportedInterfaceOrientations_iPhone = "UIInterfaceOrientationPortrait UIInterfaceOrientationLandscapeLeft UIInterfaceOrientationLandscapeRight";
				LD_RUNPATH_SEARCH_PATHS = (
					"$(inherited)",
					"@executable_path/Frameworks",
				);
				MARKETING_VERSION = 1.0;
				PRODUCT_BUNDLE_IDENTIFIER = com.humeyraturan.marvelTest;
				PRODUCT_NAME = "$(TARGET_NAME)";
				SWIFT_EMIT_LOC_STRINGS = YES;
				SWIFT_VERSION = 5.0;
				TARGETED_DEVICE_FAMILY = "1,2";
			};
			name = Debug;
		};
		3C24E7792A76AF4400C9E055 /* Release */ = {
			isa = XCBuildConfiguration;
			buildSettings = {
				ASSETCATALOG_COMPILER_APPICON_NAME = AppIcon;
				ASSETCATALOG_COMPILER_GLOBAL_ACCENT_COLOR_NAME = AccentColor;
				CODE_SIGN_STYLE = Automatic;
				CURRENT_PROJECT_VERSION = 1;
				DEVELOPMENT_TEAM = GZZP766Y22;
				GENERATE_INFOPLIST_FILE = YES;
				INFOPLIST_FILE = marvelTest/Info.plist;
				INFOPLIST_KEY_UIApplicationSupportsIndirectInputEvents = YES;
				INFOPLIST_KEY_UILaunchStoryboardName = LaunchScreen;
				INFOPLIST_KEY_UIMainStoryboardFile = Main;
				INFOPLIST_KEY_UISupportedInterfaceOrientations_iPad = "UIInterfaceOrientationPortrait UIInterfaceOrientationPortraitUpsideDown UIInterfaceOrientationLandscapeLeft UIInterfaceOrientationLandscapeRight";
				INFOPLIST_KEY_UISupportedInterfaceOrientations_iPhone = "UIInterfaceOrientationPortrait UIInterfaceOrientationLandscapeLeft UIInterfaceOrientationLandscapeRight";
				LD_RUNPATH_SEARCH_PATHS = (
					"$(inherited)",
					"@executable_path/Frameworks",
				);
				MARKETING_VERSION = 1.0;
				PRODUCT_BUNDLE_IDENTIFIER = com.humeyraturan.marvelTest;
				PRODUCT_NAME = "$(TARGET_NAME)";
				SWIFT_EMIT_LOC_STRINGS = YES;
				SWIFT_VERSION = 5.0;
				TARGETED_DEVICE_FAMILY = "1,2";
			};
			name = Release;
		};
/* End XCBuildConfiguration section */

/* Begin XCConfigurationList section */
		3C24E75E2A76AF4300C9E055 /* Build configuration list for PBXProject "marvelTest" */ = {
			isa = XCConfigurationList;
			buildConfigurations = (
				3C24E7752A76AF4400C9E055 /* Debug */,
				3C24E7762A76AF4400C9E055 /* Release */,
			);
			defaultConfigurationIsVisible = 0;
			defaultConfigurationName = Release;
		};
		3C24E7772A76AF4400C9E055 /* Build configuration list for PBXNativeTarget "marvelTest" */ = {
			isa = XCConfigurationList;
			buildConfigurations = (
				3C24E7782A76AF4400C9E055 /* Debug */,
				3C24E7792A76AF4400C9E055 /* Release */,
			);
			defaultConfigurationIsVisible = 0;
			defaultConfigurationName = Release;
		};
/* End XCConfigurationList section */
	};
	rootObject = 3C24E75B2A76AF4300C9E055 /* Project object */;
}
